
Microsoft Visual Studio Solution File, Format Version 12.00
# Visual Studio Version 17
VisualStudioVersion = 17.13.35931.197 d17.13
MinimumVisualStudioVersion = 10.0.40219.1
Project("{FAE04EC0-301F-11D3-BF4B-00C04F79EFBC}") = "MyTaskManager", "MyTaskManager\MyTaskManager.csproj", "{C324F1F5-DDD1-4800-9F29-1D88CA97C75D}"
EndProject
Global
	GlobalSection(SolutionConfigurationPlatforms) = preSolution
		Debug|Any CPU = Debug|Any CPU
		Release|Any CPU = Release|Any CPU
	EndGlobalSection
	GlobalSection(ProjectConfigurationPlatforms) = postSolution
		{C324F1F5-DDD1-4800-9F29-1D88CA97C75D}.Debug|Any CPU.ActiveCfg = Debug|Any CPU
		{C324F1F5-DDD1-4800-9F29-1D88CA97C75D}.Debug|Any CPU.Build.0 = Debug|Any CPU
		{C324F1F5-DDD1-4800-9F29-1D88CA97C75D}.Release|Any CPU.ActiveCfg = Release|Any CPU
		{C324F1F5-DDD1-4800-9F29-1D88CA97C75D}.Release|Any CPU.Build.0 = Release|Any CPU
	EndGlobalSection
	GlobalSection(SolutionProperties) = preSolution
		HideSolutionNode = FALSE
	EndGlobalSection
	GlobalSection(ExtensibilityGlobals) = postSolution
		SolutionGuid = {805AD2B3-AED1-4571-A4F9-BF40549078D0}
	EndGlobalSection
EndGlobal
